// !$*UTF8*$!
{
	archiveVersion = 1;
	classes = {
	};
	objectVersion = 70;
	objects = {

/* Begin PBXBuildFile section */
		297A4B1F2BDF61F900987F24 /* WidgetKit.framework in Frameworks */ = {isa = PBXBuildFile; fileRef = 297A4B1E2BDF61F900987F24 /* WidgetKit.framework */; };
		297A4B212BDF61F900987F24 /* SwiftUI.framework in Frameworks */ = {isa = PBXBuildFile; fileRef = 297A4B202BDF61F900987F24 /* SwiftUI.framework */; };
		297A4B2C2BDF61FA00987F24 /* SolverWidgetExtension.appex in Embed Foundation Extensions */ = {isa = PBXBuildFile; fileRef = 297A4B1C2BDF61F900987F24 /* SolverWidgetExtension.appex */; settings = {ATTRIBUTES = (RemoveHeadersOnCopy, ); }; };
/* End PBXBuildFile section */

/* Begin PBXContainerItemProxy section */
		29552FC42BDA647500F8A33C /* PBXContainerItemProxy */ = {
			isa = PBXContainerItemProxy;
			containerPortal = 29552FAB2BDA647300F8A33C /* Project object */;
			proxyType = 1;
			remoteGlobalIDString = 29552FB22BDA647300F8A33C;
			remoteInfo = Solver;
		};
		297A4B2A2BDF61FA00987F24 /* PBXContainerItemProxy */ = {
			isa = PBXContainerItemProxy;
			containerPortal = 29552FAB2BDA647300F8A33C /* Project object */;
			proxyType = 1;
			remoteGlobalIDString = 297A4B1B2BDF61F900987F24;
			remoteInfo = SolverWidgetExtension;
		};
/* End PBXContainerItemProxy section */

/* Begin PBXCopyFilesBuildPhase section */
		297A4B2D2BDF61FA00987F24 /* Embed Foundation Extensions */ = {
			isa = PBXCopyFilesBuildPhase;
			buildActionMask = 2147483647;
			dstPath = "";
			dstSubfolderSpec = 13;
			files = (
				297A4B2C2BDF61FA00987F24 /* SolverWidgetExtension.appex in Embed Foundation Extensions */,
			);
			name = "Embed Foundation Extensions";
			runOnlyForDeploymentPostprocessing = 0;
		};
/* End PBXCopyFilesBuildPhase section */

/* Begin PBXFileReference section */
		29552FB32BDA647300F8A33C /* Solver.app */ = {isa = PBXFileReference; explicitFileType = wrapper.application; includeInIndex = 0; path = Solver.app; sourceTree = BUILT_PRODUCTS_DIR; };
		29552FC32BDA647500F8A33C /* SolverTests.xctest */ = {isa = PBXFileReference; explicitFileType = wrapper.cfbundle; includeInIndex = 0; path = SolverTests.xctest; sourceTree = BUILT_PRODUCTS_DIR; };
		297A4B1C2BDF61F900987F24 /* SolverWidgetExtension.appex */ = {isa = PBXFileReference; explicitFileType = "wrapper.app-extension"; includeInIndex = 0; path = SolverWidgetExtension.appex; sourceTree = BUILT_PRODUCTS_DIR; };
		297A4B1E2BDF61F900987F24 /* WidgetKit.framework */ = {isa = PBXFileReference; lastKnownFileType = wrapper.framework; name = WidgetKit.framework; path = System/Library/Frameworks/WidgetKit.framework; sourceTree = SDKROOT; };
		297A4B202BDF61F900987F24 /* SwiftUI.framework */ = {isa = PBXFileReference; lastKnownFileType = wrapper.framework; name = SwiftUI.framework; path = System/Library/Frameworks/SwiftUI.framework; sourceTree = SDKROOT; };
/* End PBXFileReference section */

/* Begin PBXFileSystemSynchronizedBuildFileExceptionSet section */
		292E6D112CCA5F020028A345 /* PBXFileSystemSynchronizedBuildFileExceptionSet */ = {
			isa = PBXFileSystemSynchronizedBuildFileExceptionSet;
			membershipExceptions = (
				App/Info.plist,
			);
			target = 29552FB22BDA647300F8A33C /* Solver */;
		};
		292E6D122CCA5F020028A345 /* PBXFileSystemSynchronizedBuildFileExceptionSet */ = {
			isa = PBXFileSystemSynchronizedBuildFileExceptionSet;
			membershipExceptions = (
				Data/DataSource/Network/APIEndpoint.swift,
				Data/DataSource/Network/NetworkClient.swift,
				Data/DataSource/Network/NetworkError.swift,
			);
			target = 29552FC22BDA647500F8A33C /* SolverTests */;
		};
		292E6D132CCA5F020028A345 /* PBXFileSystemSynchronizedBuildFileExceptionSet */ = {
			isa = PBXFileSystemSynchronizedBuildFileExceptionSet;
			membershipExceptions = (
				Domain/Entity/BadgeEntity.swift,
				Domain/Entity/ProblemEntity.swift,
				Domain/Entity/ProfileEntity.swift,
				Domain/Entity/SiteEntity.swift,
				Domain/Entity/Top100Entity.swift,
				Domain/Entity/UserEntity.swift,
				Persistence/SwiftData/User/Badge.swift,
				Persistence/SwiftData/User/Profile.swift,
				Persistence/SwiftData/User/User.swift,
				"Presentation/Utility/Extension/Int+Extension.swift",
				Presentation/View/Summary/Component/BadgeImage.swift,
				Presentation/View/Summary/Component/ClassBadge.swift,
				Presentation/View/Summary/Component/ProfileImage.swift,
				Presentation/View/Summary/Component/TierBadge.swift,
				Presentation/View/Summary/Component/TierProgress.swift,
				Preview/PreviewContainer.swift,
				Preview/PreviewData.swift,
				Resource/Assets.xcassets,
				"Resource/Font/Font+Extension.swift",
				Resource/Font/TossFaceFontMac.ttf,
			);
			target = 297A4B1B2BDF61F900987F24 /* SolverWidgetExtension */;
		};
		292E6D252CCA5F060028A345 /* PBXFileSystemSynchronizedBuildFileExceptionSet */ = {
			isa = PBXFileSystemSynchronizedBuildFileExceptionSet;
			membershipExceptions = (
				Widget/Info.plist,
			);
			target = 297A4B1B2BDF61F900987F24 /* SolverWidgetExtension */;
		};
/* End PBXFileSystemSynchronizedBuildFileExceptionSet section */

/* Begin PBXFileSystemSynchronizedRootGroup section */
		292E6CB42CCA5F020028A345 /* Solver */ = {isa = PBXFileSystemSynchronizedRootGroup; exceptions = (292E6D112CCA5F020028A345 /* PBXFileSystemSynchronizedBuildFileExceptionSet */, 292E6D122CCA5F020028A345 /* PBXFileSystemSynchronizedBuildFileExceptionSet */, 292E6D132CCA5F020028A345 /* PBXFileSystemSynchronizedBuildFileExceptionSet */, ); explicitFileTypes = {}; explicitFolders = (); path = Solver; sourceTree = "<group>"; };
		292E6D1E2CCA5F060028A345 /* SolverWidget */ = {isa = PBXFileSystemSynchronizedRootGroup; exceptions = (292E6D252CCA5F060028A345 /* PBXFileSystemSynchronizedBuildFileExceptionSet */, ); explicitFileTypes = {}; explicitFolders = (); path = SolverWidget; sourceTree = "<group>"; };
		292E6D2A2CCA5F090028A345 /* SolverTests */ = {isa = PBXFileSystemSynchronizedRootGroup; explicitFileTypes = {}; explicitFolders = (); path = SolverTests; sourceTree = "<group>"; };
/* End PBXFileSystemSynchronizedRootGroup section */

/* Begin PBXFrameworksBuildPhase section */
		29552FB02BDA647300F8A33C /* Frameworks */ = {
			isa = PBXFrameworksBuildPhase;
			buildActionMask = 2147483647;
			files = (
			);
			runOnlyForDeploymentPostprocessing = 0;
		};
		29552FC02BDA647500F8A33C /* Frameworks */ = {
			isa = PBXFrameworksBuildPhase;
			buildActionMask = 2147483647;
			files = (
			);
			runOnlyForDeploymentPostprocessing = 0;
		};
		297A4B192BDF61F900987F24 /* Frameworks */ = {
			isa = PBXFrameworksBuildPhase;
			buildActionMask = 2147483647;
			files = (
				297A4B212BDF61F900987F24 /* SwiftUI.framework in Frameworks */,
				297A4B1F2BDF61F900987F24 /* WidgetKit.framework in Frameworks */,
			);
			runOnlyForDeploymentPostprocessing = 0;
		};
/* End PBXFrameworksBuildPhase section */

/* Begin PBXGroup section */
		29552FAA2BDA647300F8A33C = {
			isa = PBXGroup;
			children = (
				292E6CB42CCA5F020028A345 /* Solver */,
				292E6D1E2CCA5F060028A345 /* SolverWidget */,
				292E6D2A2CCA5F090028A345 /* SolverTests */,
				297A4B1D2BDF61F900987F24 /* Frameworks */,
				29552FB42BDA647300F8A33C /* Products */,
			);
			sourceTree = "<group>";
		};
		29552FB42BDA647300F8A33C /* Products */ = {
			isa = PBXGroup;
			children = (
				29552FB32BDA647300F8A33C /* Solver.app */,
				29552FC32BDA647500F8A33C /* SolverTests.xctest */,
				297A4B1C2BDF61F900987F24 /* SolverWidgetExtension.appex */,
			);
			name = Products;
			sourceTree = "<group>";
		};
		297A4B1D2BDF61F900987F24 /* Frameworks */ = {
			isa = PBXGroup;
			children = (
				297A4B1E2BDF61F900987F24 /* WidgetKit.framework */,
				297A4B202BDF61F900987F24 /* SwiftUI.framework */,
			);
			name = Frameworks;
			sourceTree = "<group>";
		};
/* End PBXGroup section */

/* Begin PBXNativeTarget section */
		29552FB22BDA647300F8A33C /* Solver */ = {
			isa = PBXNativeTarget;
			buildConfigurationList = 29552FD72BDA647500F8A33C /* Build configuration list for PBXNativeTarget "Solver" */;
			buildPhases = (
				29552FAF2BDA647300F8A33C /* Sources */,
				29552FB02BDA647300F8A33C /* Frameworks */,
				29552FB12BDA647300F8A33C /* Resources */,
				297A4B2D2BDF61FA00987F24 /* Embed Foundation Extensions */,
			);
			buildRules = (
			);
			dependencies = (
				297A4B2B2BDF61FA00987F24 /* PBXTargetDependency */,
			);
			fileSystemSynchronizedGroups = (
				292E6CB42CCA5F020028A345 /* Solver */,
			);
			name = Solver;
			productName = Solver;
			productReference = 29552FB32BDA647300F8A33C /* Solver.app */;
			productType = "com.apple.product-type.application";
		};
		29552FC22BDA647500F8A33C /* SolverTests */ = {
			isa = PBXNativeTarget;
			buildConfigurationList = 29552FDA2BDA647500F8A33C /* Build configuration list for PBXNativeTarget "SolverTests" */;
			buildPhases = (
				29552FBF2BDA647500F8A33C /* Sources */,
				29552FC02BDA647500F8A33C /* Frameworks */,
				29552FC12BDA647500F8A33C /* Resources */,
			);
			buildRules = (
			);
			dependencies = (
				29552FC52BDA647500F8A33C /* PBXTargetDependency */,
			);
			fileSystemSynchronizedGroups = (
				292E6D2A2CCA5F090028A345 /* SolverTests */,
			);
			name = SolverTests;
			productName = SolverTests;
			productReference = 29552FC32BDA647500F8A33C /* SolverTests.xctest */;
			productType = "com.apple.product-type.bundle.unit-test";
		};
		297A4B1B2BDF61F900987F24 /* SolverWidgetExtension */ = {
			isa = PBXNativeTarget;
			buildConfigurationList = 297A4B302BDF61FA00987F24 /* Build configuration list for PBXNativeTarget "SolverWidgetExtension" */;
			buildPhases = (
				297A4B182BDF61F900987F24 /* Sources */,
				297A4B192BDF61F900987F24 /* Frameworks */,
				297A4B1A2BDF61F900987F24 /* Resources */,
			);
			buildRules = (
			);
			dependencies = (
			);
			fileSystemSynchronizedGroups = (
				292E6D1E2CCA5F060028A345 /* SolverWidget */,
			);
			name = SolverWidgetExtension;
			productName = SolverWidgetExtension;
			productReference = 297A4B1C2BDF61F900987F24 /* SolverWidgetExtension.appex */;
			productType = "com.apple.product-type.app-extension";
		};
/* End PBXNativeTarget section */

/* Begin PBXProject section */
		29552FAB2BDA647300F8A33C /* Project object */ = {
			isa = PBXProject;
			attributes = {
				BuildIndependentTargetsInParallel = 1;
				LastSwiftUpdateCheck = 1530;
				LastUpgradeCheck = 1600;
				TargetAttributes = {
					29552FB22BDA647300F8A33C = {
						CreatedOnToolsVersion = 15.3;
					};
					29552FC22BDA647500F8A33C = {
						CreatedOnToolsVersion = 15.3;
						TestTargetID = 29552FB22BDA647300F8A33C;
					};
					297A4B1B2BDF61F900987F24 = {
						CreatedOnToolsVersion = 15.3;
					};
				};
			};
			buildConfigurationList = 29552FAE2BDA647300F8A33C /* Build configuration list for PBXProject "Solver" */;
			compatibilityVersion = "Xcode 14.0";
			developmentRegion = ko;
			hasScannedForEncodings = 0;
			knownRegions = (
				en,
				Base,
				ko,
			);
			mainGroup = 29552FAA2BDA647300F8A33C;
			productRefGroup = 29552FB42BDA647300F8A33C /* Products */;
			projectDirPath = "";
			projectRoot = "";
			targets = (
				29552FB22BDA647300F8A33C /* Solver */,
				29552FC22BDA647500F8A33C /* SolverTests */,
				297A4B1B2BDF61F900987F24 /* SolverWidgetExtension */,
			);
		};
/* End PBXProject section */

/* Begin PBXResourcesBuildPhase section */
		29552FB12BDA647300F8A33C /* Resources */ = {
			isa = PBXResourcesBuildPhase;
			buildActionMask = 2147483647;
			files = (
			);
			runOnlyForDeploymentPostprocessing = 0;
		};
		29552FC12BDA647500F8A33C /* Resources */ = {
			isa = PBXResourcesBuildPhase;
			buildActionMask = 2147483647;
			files = (
			);
			runOnlyForDeploymentPostprocessing = 0;
		};
		297A4B1A2BDF61F900987F24 /* Resources */ = {
			isa = PBXResourcesBuildPhase;
			buildActionMask = 2147483647;
			files = (
			);
			runOnlyForDeploymentPostprocessing = 0;
		};
/* End PBXResourcesBuildPhase section */

/* Begin PBXSourcesBuildPhase section */
		29552FAF2BDA647300F8A33C /* Sources */ = {
			isa = PBXSourcesBuildPhase;
			buildActionMask = 2147483647;
			files = (
			);
			runOnlyForDeploymentPostprocessing = 0;
		};
		29552FBF2BDA647500F8A33C /* Sources */ = {
			isa = PBXSourcesBuildPhase;
			buildActionMask = 2147483647;
			files = (
			);
			runOnlyForDeploymentPostprocessing = 0;
		};
		297A4B182BDF61F900987F24 /* Sources */ = {
			isa = PBXSourcesBuildPhase;
			buildActionMask = 2147483647;
			files = (
			);
			runOnlyForDeploymentPostprocessing = 0;
		};
/* End PBXSourcesBuildPhase section */

/* Begin PBXTargetDependency section */
		29552FC52BDA647500F8A33C /* PBXTargetDependency */ = {
			isa = PBXTargetDependency;
			target = 29552FB22BDA647300F8A33C /* Solver */;
			targetProxy = 29552FC42BDA647500F8A33C /* PBXContainerItemProxy */;
		};
		297A4B2B2BDF61FA00987F24 /* PBXTargetDependency */ = {
			isa = PBXTargetDependency;
			target = 297A4B1B2BDF61F900987F24 /* SolverWidgetExtension */;
			targetProxy = 297A4B2A2BDF61FA00987F24 /* PBXContainerItemProxy */;
		};
/* End PBXTargetDependency section */

/* Begin XCBuildConfiguration section */
		29552FD52BDA647500F8A33C /* Debug */ = {
			isa = XCBuildConfiguration;
			buildSettings = {
				ALWAYS_SEARCH_USER_PATHS = NO;
				ASSETCATALOG_COMPILER_GENERATE_SWIFT_ASSET_SYMBOL_EXTENSIONS = YES;
				CLANG_ANALYZER_LOCALIZABILITY_NONLOCALIZED = YES;
				CLANG_ANALYZER_NONNULL = YES;
				CLANG_ANALYZER_NUMBER_OBJECT_CONVERSION = YES_AGGRESSIVE;
				CLANG_CXX_LANGUAGE_STANDARD = "gnu++20";
				CLANG_ENABLE_MODULES = YES;
				CLANG_ENABLE_OBJC_ARC = YES;
				CLANG_ENABLE_OBJC_WEAK = YES;
				CLANG_WARN_BLOCK_CAPTURE_AUTORELEASING = YES;
				CLANG_WARN_BOOL_CONVERSION = YES;
				CLANG_WARN_COMMA = YES;
				CLANG_WARN_CONSTANT_CONVERSION = YES;
				CLANG_WARN_DEPRECATED_OBJC_IMPLEMENTATIONS = YES;
				CLANG_WARN_DIRECT_OBJC_ISA_USAGE = YES_ERROR;
				CLANG_WARN_DOCUMENTATION_COMMENTS = YES;
				CLANG_WARN_EMPTY_BODY = YES;
				CLANG_WARN_ENUM_CONVERSION = YES;
				CLANG_WARN_INFINITE_RECURSION = YES;
				CLANG_WARN_INT_CONVERSION = YES;
				CLANG_WARN_NON_LITERAL_NULL_CONVERSION = YES;
				CLANG_WARN_OBJC_IMPLICIT_RETAIN_SELF = YES;
				CLANG_WARN_OBJC_LITERAL_CONVERSION = YES;
				CLANG_WARN_OBJC_ROOT_CLASS = YES_ERROR;
				CLANG_WARN_QUOTED_INCLUDE_IN_FRAMEWORK_HEADER = YES;
				CLANG_WARN_RANGE_LOOP_ANALYSIS = YES;
				CLANG_WARN_STRICT_PROTOTYPES = YES;
				CLANG_WARN_SUSPICIOUS_MOVE = YES;
				CLANG_WARN_UNGUARDED_AVAILABILITY = YES_AGGRESSIVE;
				CLANG_WARN_UNREACHABLE_CODE = YES;
				CLANG_WARN__DUPLICATE_METHOD_MATCH = YES;
				COPY_PHASE_STRIP = NO;
				DEBUG_INFORMATION_FORMAT = dwarf;
				ENABLE_STRICT_OBJC_MSGSEND = YES;
				ENABLE_TESTABILITY = YES;
				ENABLE_USER_SCRIPT_SANDBOXING = YES;
				GCC_C_LANGUAGE_STANDARD = gnu17;
				GCC_DYNAMIC_NO_PIC = NO;
				GCC_NO_COMMON_BLOCKS = YES;
				GCC_OPTIMIZATION_LEVEL = 0;
				GCC_PREPROCESSOR_DEFINITIONS = (
					"DEBUG=1",
					"$(inherited)",
				);
				GCC_WARN_64_TO_32_BIT_CONVERSION = YES;
				GCC_WARN_ABOUT_RETURN_TYPE = YES_ERROR;
				GCC_WARN_UNDECLARED_SELECTOR = YES;
				GCC_WARN_UNINITIALIZED_AUTOS = YES_AGGRESSIVE;
				GCC_WARN_UNUSED_FUNCTION = YES;
				GCC_WARN_UNUSED_VARIABLE = YES;
				IPHONEOS_DEPLOYMENT_TARGET = 17.0;
				LOCALIZATION_PREFERS_STRING_CATALOGS = YES;
				MTL_ENABLE_DEBUG_INFO = INCLUDE_SOURCE;
				MTL_FAST_MATH = YES;
				ONLY_ACTIVE_ARCH = YES;
				SDKROOT = iphoneos;
				SWIFT_ACTIVE_COMPILATION_CONDITIONS = "DEBUG $(inherited)";
				SWIFT_OPTIMIZATION_LEVEL = "-Onone";
			};
			name = Debug;
		};
		29552FD62BDA647500F8A33C /* Release */ = {
			isa = XCBuildConfiguration;
			buildSettings = {
				ALWAYS_SEARCH_USER_PATHS = NO;
				ASSETCATALOG_COMPILER_GENERATE_SWIFT_ASSET_SYMBOL_EXTENSIONS = YES;
				CLANG_ANALYZER_LOCALIZABILITY_NONLOCALIZED = YES;
				CLANG_ANALYZER_NONNULL = YES;
				CLANG_ANALYZER_NUMBER_OBJECT_CONVERSION = YES_AGGRESSIVE;
				CLANG_CXX_LANGUAGE_STANDARD = "gnu++20";
				CLANG_ENABLE_MODULES = YES;
				CLANG_ENABLE_OBJC_ARC = YES;
				CLANG_ENABLE_OBJC_WEAK = YES;
				CLANG_WARN_BLOCK_CAPTURE_AUTORELEASING = YES;
				CLANG_WARN_BOOL_CONVERSION = YES;
				CLANG_WARN_COMMA = YES;
				CLANG_WARN_CONSTANT_CONVERSION = YES;
				CLANG_WARN_DEPRECATED_OBJC_IMPLEMENTATIONS = YES;
				CLANG_WARN_DIRECT_OBJC_ISA_USAGE = YES_ERROR;
				CLANG_WARN_DOCUMENTATION_COMMENTS = YES;
				CLANG_WARN_EMPTY_BODY = YES;
				CLANG_WARN_ENUM_CONVERSION = YES;
				CLANG_WARN_INFINITE_RECURSION = YES;
				CLANG_WARN_INT_CONVERSION = YES;
				CLANG_WARN_NON_LITERAL_NULL_CONVERSION = YES;
				CLANG_WARN_OBJC_IMPLICIT_RETAIN_SELF = YES;
				CLANG_WARN_OBJC_LITERAL_CONVERSION = YES;
				CLANG_WARN_OBJC_ROOT_CLASS = YES_ERROR;
				CLANG_WARN_QUOTED_INCLUDE_IN_FRAMEWORK_HEADER = YES;
				CLANG_WARN_RANGE_LOOP_ANALYSIS = YES;
				CLANG_WARN_STRICT_PROTOTYPES = YES;
				CLANG_WARN_SUSPICIOUS_MOVE = YES;
				CLANG_WARN_UNGUARDED_AVAILABILITY = YES_AGGRESSIVE;
				CLANG_WARN_UNREACHABLE_CODE = YES;
				CLANG_WARN__DUPLICATE_METHOD_MATCH = YES;
				COPY_PHASE_STRIP = NO;
				DEBUG_INFORMATION_FORMAT = "dwarf-with-dsym";
				ENABLE_NS_ASSERTIONS = NO;
				ENABLE_STRICT_OBJC_MSGSEND = YES;
				ENABLE_USER_SCRIPT_SANDBOXING = YES;
				GCC_C_LANGUAGE_STANDARD = gnu17;
				GCC_NO_COMMON_BLOCKS = YES;
				GCC_WARN_64_TO_32_BIT_CONVERSION = YES;
				GCC_WARN_ABOUT_RETURN_TYPE = YES_ERROR;
				GCC_WARN_UNDECLARED_SELECTOR = YES;
				GCC_WARN_UNINITIALIZED_AUTOS = YES_AGGRESSIVE;
				GCC_WARN_UNUSED_FUNCTION = YES;
				GCC_WARN_UNUSED_VARIABLE = YES;
				IPHONEOS_DEPLOYMENT_TARGET = 17.0;
				LOCALIZATION_PREFERS_STRING_CATALOGS = YES;
				MTL_ENABLE_DEBUG_INFO = NO;
				MTL_FAST_MATH = YES;
				SDKROOT = iphoneos;
				SWIFT_COMPILATION_MODE = wholemodule;
				VALIDATE_PRODUCT = YES;
			};
			name = Release;
		};
		29552FD82BDA647500F8A33C /* Debug */ = {
			isa = XCBuildConfiguration;
			buildSettings = {
				ASSETCATALOG_COMPILER_APPICON_NAME = AppIcon;
				ASSETCATALOG_COMPILER_GLOBAL_ACCENT_COLOR_NAME = AccentColor;
				CODE_SIGN_ENTITLEMENTS = Solver/App/Solver.entitlements;
				CODE_SIGN_STYLE = Automatic;
				CURRENT_PROJECT_VERSION = 1;
				DEVELOPMENT_ASSET_PATHS = "";
				DEVELOPMENT_TEAM = 77745NX67K;
				ENABLE_PREVIEWS = YES;
				GENERATE_INFOPLIST_FILE = YES;
				INFOPLIST_FILE = Solver/App/Info.plist;
				INFOPLIST_KEY_UIApplicationSceneManifest_Generation = YES;
				INFOPLIST_KEY_UIApplicationSupportsIndirectInputEvents = YES;
				INFOPLIST_KEY_UILaunchScreen_Generation = YES;
				INFOPLIST_KEY_UISupportedInterfaceOrientations_iPad = "UIInterfaceOrientationPortrait UIInterfaceOrientationPortraitUpsideDown UIInterfaceOrientationLandscapeLeft UIInterfaceOrientationLandscapeRight";
				INFOPLIST_KEY_UISupportedInterfaceOrientations_iPhone = "UIInterfaceOrientationPortrait UIInterfaceOrientationLandscapeLeft UIInterfaceOrientationLandscapeRight";
				LD_RUNPATH_SEARCH_PATHS = (
					"$(inherited)",
					"@executable_path/Frameworks",
				);
				MARKETING_VERSION = 1.2.0;
				PRODUCT_BUNDLE_IDENTIFIER = com.hyunjun.Solver;
				PRODUCT_NAME = "$(TARGET_NAME)";
				SWIFT_EMIT_LOC_STRINGS = YES;
				SWIFT_VERSION = 5.0;
				TARGETED_DEVICE_FAMILY = "1,2";
			};
			name = Debug;
		};
		29552FD92BDA647500F8A33C /* Release */ = {
			isa = XCBuildConfiguration;
			buildSettings = {
				ASSETCATALOG_COMPILER_APPICON_NAME = AppIcon;
				ASSETCATALOG_COMPILER_GLOBAL_ACCENT_COLOR_NAME = AccentColor;
				CODE_SIGN_ENTITLEMENTS = Solver/App/Solver.entitlements;
				CODE_SIGN_STYLE = Automatic;
				CURRENT_PROJECT_VERSION = 1;
				DEVELOPMENT_ASSET_PATHS = "";
				DEVELOPMENT_TEAM = 77745NX67K;
				ENABLE_PREVIEWS = YES;
				GENERATE_INFOPLIST_FILE = YES;
				INFOPLIST_FILE = Solver/App/Info.plist;
				INFOPLIST_KEY_UIApplicationSceneManifest_Generation = YES;
				INFOPLIST_KEY_UIApplicationSupportsIndirectInputEvents = YES;
				INFOPLIST_KEY_UILaunchScreen_Generation = YES;
				INFOPLIST_KEY_UISupportedInterfaceOrientations_iPad = "UIInterfaceOrientationPortrait UIInterfaceOrientationPortraitUpsideDown UIInterfaceOrientationLandscapeLeft UIInterfaceOrientationLandscapeRight";
				INFOPLIST_KEY_UISupportedInterfaceOrientations_iPhone = "UIInterfaceOrientationPortrait UIInterfaceOrientationLandscapeLeft UIInterfaceOrientationLandscapeRight";
				LD_RUNPATH_SEARCH_PATHS = (
					"$(inherited)",
					"@executable_path/Frameworks",
				);
				MARKETING_VERSION = 1.2.0;
				PRODUCT_BUNDLE_IDENTIFIER = com.hyunjun.Solver;
				PRODUCT_NAME = "$(TARGET_NAME)";
				SWIFT_EMIT_LOC_STRINGS = YES;
				SWIFT_VERSION = 5.0;
				TARGETED_DEVICE_FAMILY = "1,2";
			};
			name = Release;
		};
		29552FDB2BDA647500F8A33C /* Debug */ = {
			isa = XCBuildConfiguration;
			buildSettings = {
				BUNDLE_LOADER = "$(TEST_HOST)";
				CODE_SIGN_STYLE = Automatic;
				CURRENT_PROJECT_VERSION = 1;
				DEVELOPMENT_TEAM = 77745NX67K;
				GENERATE_INFOPLIST_FILE = YES;
				IPHONEOS_DEPLOYMENT_TARGET = 17.4;
				MARKETING_VERSION = 1.2.0;
				PRODUCT_BUNDLE_IDENTIFIER = com.SolverTests;
				PRODUCT_NAME = "$(TARGET_NAME)";
				SWIFT_EMIT_LOC_STRINGS = NO;
				SWIFT_VERSION = 5.0;
				TARGETED_DEVICE_FAMILY = "1,2";
				TEST_HOST = "$(BUILT_PRODUCTS_DIR)/Solver.app/$(BUNDLE_EXECUTABLE_FOLDER_PATH)/Solver";
			};
			name = Debug;
		};
		29552FDC2BDA647500F8A33C /* Release */ = {
			isa = XCBuildConfiguration;
			buildSettings = {
				BUNDLE_LOADER = "$(TEST_HOST)";
				CODE_SIGN_STYLE = Automatic;
				CURRENT_PROJECT_VERSION = 1;
				DEVELOPMENT_TEAM = 77745NX67K;
				GENERATE_INFOPLIST_FILE = YES;
				IPHONEOS_DEPLOYMENT_TARGET = 17.4;
				MARKETING_VERSION = 1.2.0;
				PRODUCT_BUNDLE_IDENTIFIER = com.SolverTests;
				PRODUCT_NAME = "$(TARGET_NAME)";
				SWIFT_EMIT_LOC_STRINGS = NO;
				SWIFT_VERSION = 5.0;
				TARGETED_DEVICE_FAMILY = "1,2";
				TEST_HOST = "$(BUILT_PRODUCTS_DIR)/Solver.app/$(BUNDLE_EXECUTABLE_FOLDER_PATH)/Solver";
			};
			name = Release;
		};
		297A4B2E2BDF61FA00987F24 /* Debug */ = {
			isa = XCBuildConfiguration;
			buildSettings = {
				ASSETCATALOG_COMPILER_GLOBAL_ACCENT_COLOR_NAME = AccentColor;
				ASSETCATALOG_COMPILER_WIDGET_BACKGROUND_COLOR_NAME = WidgetBackground;
				CODE_SIGN_ENTITLEMENTS = SolverWidget/Widget/SolverWidgetExtension.entitlements;
				CODE_SIGN_STYLE = Automatic;
				CURRENT_PROJECT_VERSION = 1;
				DEVELOPMENT_TEAM = 77745NX67K;
				GENERATE_INFOPLIST_FILE = YES;
				INFOPLIST_FILE = SolverWidget/Widget/Info.plist;
				INFOPLIST_KEY_CFBundleDisplayName = SolverWidget;
				INFOPLIST_KEY_NSHumanReadableCopyright = "";
				LD_RUNPATH_SEARCH_PATHS = (
					"$(inherited)",
					"@executable_path/Frameworks",
					"@executable_path/../../Frameworks",
				);
				MARKETING_VERSION = 1.2.0;
				PRODUCT_BUNDLE_IDENTIFIER = com.hyunjun.Solver.SolverWidget;
				PRODUCT_NAME = "$(TARGET_NAME)";
				SKIP_INSTALL = YES;
				SWIFT_EMIT_LOC_STRINGS = YES;
				SWIFT_VERSION = 5.0;
				TARGETED_DEVICE_FAMILY = "1,2";
			};
			name = Debug;
		};
		297A4B2F2BDF61FA00987F24 /* Release */ = {
			isa = XCBuildConfiguration;
			buildSettings = {
				ASSETCATALOG_COMPILER_GLOBAL_ACCENT_COLOR_NAME = AccentColor;
				ASSETCATALOG_COMPILER_WIDGET_BACKGROUND_COLOR_NAME = WidgetBackground;
				CODE_SIGN_ENTITLEMENTS = SolverWidget/Widget/SolverWidgetExtension.entitlements;
				CODE_SIGN_STYLE = Automatic;
				CURRENT_PROJECT_VERSION = 1;
				DEVELOPMENT_TEAM = 77745NX67K;
				GENERATE_INFOPLIST_FILE = YES;
				INFOPLIST_FILE = SolverWidget/Widget/Info.plist;
				INFOPLIST_KEY_CFBundleDisplayName = SolverWidget;
				INFOPLIST_KEY_NSHumanReadableCopyright = "";
				LD_RUNPATH_SEARCH_PATHS = (
					"$(inherited)",
					"@executable_path/Frameworks",
					"@executable_path/../../Frameworks",
				);
				MARKETING_VERSION = 1.2.0;
				PRODUCT_BUNDLE_IDENTIFIER = com.hyunjun.Solver.SolverWidget;
				PRODUCT_NAME = "$(TARGET_NAME)";
				SKIP_INSTALL = YES;
				SWIFT_EMIT_LOC_STRINGS = YES;
				SWIFT_VERSION = 5.0;
				TARGETED_DEVICE_FAMILY = "1,2";
			};
			name = Release;
		};
/* End XCBuildConfiguration section */

/* Begin XCConfigurationList section */
		29552FAE2BDA647300F8A33C /* Build configuration list for PBXProject "Solver" */ = {
			isa = XCConfigurationList;
			buildConfigurations = (
				29552FD52BDA647500F8A33C /* Debug */,
				29552FD62BDA647500F8A33C /* Release */,
			);
			defaultConfigurationIsVisible = 0;
			defaultConfigurationName = Release;
		};
		29552FD72BDA647500F8A33C /* Build configuration list for PBXNativeTarget "Solver" */ = {
			isa = XCConfigurationList;
			buildConfigurations = (
				29552FD82BDA647500F8A33C /* Debug */,
				29552FD92BDA647500F8A33C /* Release */,
			);
			defaultConfigurationIsVisible = 0;
			defaultConfigurationName = Release;
		};
		29552FDA2BDA647500F8A33C /* Build configuration list for PBXNativeTarget "SolverTests" */ = {
			isa = XCConfigurationList;
			buildConfigurations = (
				29552FDB2BDA647500F8A33C /* Debug */,
				29552FDC2BDA647500F8A33C /* Release */,
			);
			defaultConfigurationIsVisible = 0;
			defaultConfigurationName = Release;
		};
		297A4B302BDF61FA00987F24 /* Build configuration list for PBXNativeTarget "SolverWidgetExtension" */ = {
			isa = XCConfigurationList;
			buildConfigurations = (
				297A4B2E2BDF61FA00987F24 /* Debug */,
				297A4B2F2BDF61FA00987F24 /* Release */,
			);
			defaultConfigurationIsVisible = 0;
			defaultConfigurationName = Release;
		};
/* End XCConfigurationList section */
	};
	rootObject = 29552FAB2BDA647300F8A33C /* Project object */;
}
