// !$*UTF8*$!
{
	archiveVersion = 1;
	classes = {
	};
	objectVersion = 56;
	objects = {

/* Begin PBXBuildFile section */
		29552FB72BDA647300F8A33C /* SolverApp.swift in Sources */ = {isa = PBXBuildFile; fileRef = 29552FB62BDA647300F8A33C /* SolverApp.swift */; };
		29552FB92BDA647300F8A33C /* ContentView.swift in Sources */ = {isa = PBXBuildFile; fileRef = 29552FB82BDA647300F8A33C /* ContentView.swift */; };
		29552FBB2BDA647500F8A33C /* Assets.xcassets in Resources */ = {isa = PBXBuildFile; fileRef = 29552FBA2BDA647500F8A33C /* Assets.xcassets */; };
		29552FBE2BDA647500F8A33C /* Preview Assets.xcassets in Resources */ = {isa = PBXBuildFile; fileRef = 29552FBD2BDA647500F8A33C /* Preview Assets.xcassets */; };
		29552FC82BDA647500F8A33C /* SolverTests.swift in Sources */ = {isa = PBXBuildFile; fileRef = 29552FC72BDA647500F8A33C /* SolverTests.swift */; };
		29552FD22BDA647500F8A33C /* SolverUITests.swift in Sources */ = {isa = PBXBuildFile; fileRef = 29552FD12BDA647500F8A33C /* SolverUITests.swift */; };
		29552FD42BDA647500F8A33C /* SolverUITestsLaunchTests.swift in Sources */ = {isa = PBXBuildFile; fileRef = 29552FD32BDA647500F8A33C /* SolverUITestsLaunchTests.swift */; };
		29F7B9122BDA6C7A0034F600 /* ProblemDTO.swift in Sources */ = {isa = PBXBuildFile; fileRef = 29F7B9112BDA6C7A0034F600 /* ProblemDTO.swift */; };
		29F7B9142BDA6D570034F600 /* Top100DTO.swift in Sources */ = {isa = PBXBuildFile; fileRef = 29F7B9132BDA6D570034F600 /* Top100DTO.swift */; };
		29F7B9162BDA6EFA0034F600 /* UserDTO.swift in Sources */ = {isa = PBXBuildFile; fileRef = 29F7B9152BDA6EFA0034F600 /* UserDTO.swift */; };
		29F7B9182BDA70530034F600 /* BadgeDTO.swift in Sources */ = {isa = PBXBuildFile; fileRef = 29F7B9172BDA70530034F600 /* BadgeDTO.swift */; };
		29F7B91A2BDA72A50034F600 /* SiteDTO.swift in Sources */ = {isa = PBXBuildFile; fileRef = 29F7B9192BDA72A40034F600 /* SiteDTO.swift */; };
		29F7B91C2BDA74190034F600 /* DTO.swift in Sources */ = {isa = PBXBuildFile; fileRef = 29F7B91B2BDA74190034F600 /* DTO.swift */; };
		29F7B9202BDA74FC0034F600 /* SiteEntity.swift in Sources */ = {isa = PBXBuildFile; fileRef = 29F7B91F2BDA74FC0034F600 /* SiteEntity.swift */; };
		29F7B9222BDA75250034F600 /* UserEntity.swift in Sources */ = {isa = PBXBuildFile; fileRef = 29F7B9212BDA75250034F600 /* UserEntity.swift */; };
		29F7B9242BDA75B30034F600 /* ProfileEntity.swift in Sources */ = {isa = PBXBuildFile; fileRef = 29F7B9232BDA75B30034F600 /* ProfileEntity.swift */; };
		29F7B9262BDA75CB0034F600 /* BadgeEntity.swift in Sources */ = {isa = PBXBuildFile; fileRef = 29F7B9252BDA75CB0034F600 /* BadgeEntity.swift */; };
		29F7B9282BDA75E20034F600 /* ProblemEntity.swift in Sources */ = {isa = PBXBuildFile; fileRef = 29F7B9272BDA75E20034F600 /* ProblemEntity.swift */; };
		29F7B92A2BDA761D0034F600 /* Top100Entity.swift in Sources */ = {isa = PBXBuildFile; fileRef = 29F7B9292BDA761D0034F600 /* Top100Entity.swift */; };
		29F7B92F2BDA7C370034F600 /* APIEndpoint.swift in Sources */ = {isa = PBXBuildFile; fileRef = 29F7B92E2BDA7C370034F600 /* APIEndpoint.swift */; };
		29F7B9312BDA7C5D0034F600 /* NetworkError.swift in Sources */ = {isa = PBXBuildFile; fileRef = 29F7B9302BDA7C5D0034F600 /* NetworkError.swift */; };
		29F7B9332BDA7C6D0034F600 /* ImageDataLoader.swift in Sources */ = {isa = PBXBuildFile; fileRef = 29F7B9322BDA7C6D0034F600 /* ImageDataLoader.swift */; };
		29F7B9352BDA7C880034F600 /* APIClient.swift in Sources */ = {isa = PBXBuildFile; fileRef = 29F7B9342BDA7C880034F600 /* APIClient.swift */; };
		29F7B9392BDA811A0034F600 /* CheckRepository.swift in Sources */ = {isa = PBXBuildFile; fileRef = 29F7B9382BDA811A0034F600 /* CheckRepository.swift */; };
		29F7B93B2BDA81330034F600 /* FetchRepository.swift in Sources */ = {isa = PBXBuildFile; fileRef = 29F7B93A2BDA81330034F600 /* FetchRepository.swift */; };
		29F7B93E2BDA81E70034F600 /* CheckUseCase.swift in Sources */ = {isa = PBXBuildFile; fileRef = 29F7B93D2BDA81E70034F600 /* CheckUseCase.swift */; };
		29F7B9402BDA81F70034F600 /* FetchUseCase.swift in Sources */ = {isa = PBXBuildFile; fileRef = 29F7B93F2BDA81F70034F600 /* FetchUseCase.swift */; };
		29F7B9452BDA87AF0034F600 /* OnboardingView.swift in Sources */ = {isa = PBXBuildFile; fileRef = 29F7B9442BDA87AF0034F600 /* OnboardingView.swift */; };
		29F7B9472BDA87C00034F600 /* GreetingView.swift in Sources */ = {isa = PBXBuildFile; fileRef = 29F7B9462BDA87C00034F600 /* GreetingView.swift */; };
		29F7B9492BDA87FD0034F600 /* SignUpView.swift in Sources */ = {isa = PBXBuildFile; fileRef = 29F7B9482BDA87FD0034F600 /* SignUpView.swift */; };
		29F7B94C2BDA881F0034F600 /* MainTabView.swift in Sources */ = {isa = PBXBuildFile; fileRef = 29F7B94B2BDA881F0034F600 /* MainTabView.swift */; };
		29F7B94E2BDA882B0034F600 /* SummaryView.swift in Sources */ = {isa = PBXBuildFile; fileRef = 29F7B94D2BDA882B0034F600 /* SummaryView.swift */; };
		29F7B9502BDA88320034F600 /* AccountView.swift in Sources */ = {isa = PBXBuildFile; fileRef = 29F7B94F2BDA88320034F600 /* AccountView.swift */; };
		29F7B9532BDA891D0034F600 /* OnboardingStore.swift in Sources */ = {isa = PBXBuildFile; fileRef = 29F7B9522BDA891D0034F600 /* OnboardingStore.swift */; };
/* End PBXBuildFile section */

/* Begin PBXContainerItemProxy section */
		29552FC42BDA647500F8A33C /* PBXContainerItemProxy */ = {
			isa = PBXContainerItemProxy;
			containerPortal = 29552FAB2BDA647300F8A33C /* Project object */;
			proxyType = 1;
			remoteGlobalIDString = 29552FB22BDA647300F8A33C;
			remoteInfo = Solver;
		};
		29552FCE2BDA647500F8A33C /* PBXContainerItemProxy */ = {
			isa = PBXContainerItemProxy;
			containerPortal = 29552FAB2BDA647300F8A33C /* Project object */;
			proxyType = 1;
			remoteGlobalIDString = 29552FB22BDA647300F8A33C;
			remoteInfo = Solver;
		};
/* End PBXContainerItemProxy section */

/* Begin PBXFileReference section */
		29552FB32BDA647300F8A33C /* Solver.app */ = {isa = PBXFileReference; explicitFileType = wrapper.application; includeInIndex = 0; path = Solver.app; sourceTree = BUILT_PRODUCTS_DIR; };
		29552FB62BDA647300F8A33C /* SolverApp.swift */ = {isa = PBXFileReference; lastKnownFileType = sourcecode.swift; path = SolverApp.swift; sourceTree = "<group>"; };
		29552FB82BDA647300F8A33C /* ContentView.swift */ = {isa = PBXFileReference; lastKnownFileType = sourcecode.swift; path = ContentView.swift; sourceTree = "<group>"; };
		29552FBA2BDA647500F8A33C /* Assets.xcassets */ = {isa = PBXFileReference; lastKnownFileType = folder.assetcatalog; path = Assets.xcassets; sourceTree = "<group>"; };
		29552FBD2BDA647500F8A33C /* Preview Assets.xcassets */ = {isa = PBXFileReference; lastKnownFileType = folder.assetcatalog; path = "Preview Assets.xcassets"; sourceTree = "<group>"; };
		29552FC32BDA647500F8A33C /* SolverTests.xctest */ = {isa = PBXFileReference; explicitFileType = wrapper.cfbundle; includeInIndex = 0; path = SolverTests.xctest; sourceTree = BUILT_PRODUCTS_DIR; };
		29552FC72BDA647500F8A33C /* SolverTests.swift */ = {isa = PBXFileReference; lastKnownFileType = sourcecode.swift; path = SolverTests.swift; sourceTree = "<group>"; };
		29552FCD2BDA647500F8A33C /* SolverUITests.xctest */ = {isa = PBXFileReference; explicitFileType = wrapper.cfbundle; includeInIndex = 0; path = SolverUITests.xctest; sourceTree = BUILT_PRODUCTS_DIR; };
		29552FD12BDA647500F8A33C /* SolverUITests.swift */ = {isa = PBXFileReference; lastKnownFileType = sourcecode.swift; path = SolverUITests.swift; sourceTree = "<group>"; };
		29552FD32BDA647500F8A33C /* SolverUITestsLaunchTests.swift */ = {isa = PBXFileReference; lastKnownFileType = sourcecode.swift; path = SolverUITestsLaunchTests.swift; sourceTree = "<group>"; };
		29F7B9112BDA6C7A0034F600 /* ProblemDTO.swift */ = {isa = PBXFileReference; lastKnownFileType = sourcecode.swift; path = ProblemDTO.swift; sourceTree = "<group>"; };
		29F7B9132BDA6D570034F600 /* Top100DTO.swift */ = {isa = PBXFileReference; lastKnownFileType = sourcecode.swift; path = Top100DTO.swift; sourceTree = "<group>"; };
		29F7B9152BDA6EFA0034F600 /* UserDTO.swift */ = {isa = PBXFileReference; lastKnownFileType = sourcecode.swift; path = UserDTO.swift; sourceTree = "<group>"; };
		29F7B9172BDA70530034F600 /* BadgeDTO.swift */ = {isa = PBXFileReference; lastKnownFileType = sourcecode.swift; path = BadgeDTO.swift; sourceTree = "<group>"; };
		29F7B9192BDA72A40034F600 /* SiteDTO.swift */ = {isa = PBXFileReference; lastKnownFileType = sourcecode.swift; path = SiteDTO.swift; sourceTree = "<group>"; };
		29F7B91B2BDA74190034F600 /* DTO.swift */ = {isa = PBXFileReference; lastKnownFileType = sourcecode.swift; path = DTO.swift; sourceTree = "<group>"; };
		29F7B91F2BDA74FC0034F600 /* SiteEntity.swift */ = {isa = PBXFileReference; lastKnownFileType = sourcecode.swift; path = SiteEntity.swift; sourceTree = "<group>"; };
		29F7B9212BDA75250034F600 /* UserEntity.swift */ = {isa = PBXFileReference; lastKnownFileType = sourcecode.swift; path = UserEntity.swift; sourceTree = "<group>"; };
		29F7B9232BDA75B30034F600 /* ProfileEntity.swift */ = {isa = PBXFileReference; lastKnownFileType = sourcecode.swift; path = ProfileEntity.swift; sourceTree = "<group>"; };
		29F7B9252BDA75CB0034F600 /* BadgeEntity.swift */ = {isa = PBXFileReference; lastKnownFileType = sourcecode.swift; path = BadgeEntity.swift; sourceTree = "<group>"; };
		29F7B9272BDA75E20034F600 /* ProblemEntity.swift */ = {isa = PBXFileReference; lastKnownFileType = sourcecode.swift; path = ProblemEntity.swift; sourceTree = "<group>"; };
		29F7B9292BDA761D0034F600 /* Top100Entity.swift */ = {isa = PBXFileReference; lastKnownFileType = sourcecode.swift; path = Top100Entity.swift; sourceTree = "<group>"; };
		29F7B92E2BDA7C370034F600 /* APIEndpoint.swift */ = {isa = PBXFileReference; lastKnownFileType = sourcecode.swift; path = APIEndpoint.swift; sourceTree = "<group>"; };
		29F7B9302BDA7C5D0034F600 /* NetworkError.swift */ = {isa = PBXFileReference; lastKnownFileType = sourcecode.swift; path = NetworkError.swift; sourceTree = "<group>"; };
		29F7B9322BDA7C6D0034F600 /* ImageDataLoader.swift */ = {isa = PBXFileReference; lastKnownFileType = sourcecode.swift; path = ImageDataLoader.swift; sourceTree = "<group>"; };
		29F7B9342BDA7C880034F600 /* APIClient.swift */ = {isa = PBXFileReference; lastKnownFileType = sourcecode.swift; path = APIClient.swift; sourceTree = "<group>"; };
		29F7B9382BDA811A0034F600 /* CheckRepository.swift */ = {isa = PBXFileReference; lastKnownFileType = sourcecode.swift; path = CheckRepository.swift; sourceTree = "<group>"; };
		29F7B93A2BDA81330034F600 /* FetchRepository.swift */ = {isa = PBXFileReference; lastKnownFileType = sourcecode.swift; path = FetchRepository.swift; sourceTree = "<group>"; };
		29F7B93D2BDA81E70034F600 /* CheckUseCase.swift */ = {isa = PBXFileReference; lastKnownFileType = sourcecode.swift; path = CheckUseCase.swift; sourceTree = "<group>"; };
		29F7B93F2BDA81F70034F600 /* FetchUseCase.swift */ = {isa = PBXFileReference; lastKnownFileType = sourcecode.swift; path = FetchUseCase.swift; sourceTree = "<group>"; };
		29F7B9442BDA87AF0034F600 /* OnboardingView.swift */ = {isa = PBXFileReference; lastKnownFileType = sourcecode.swift; path = OnboardingView.swift; sourceTree = "<group>"; };
		29F7B9462BDA87C00034F600 /* GreetingView.swift */ = {isa = PBXFileReference; lastKnownFileType = sourcecode.swift; path = GreetingView.swift; sourceTree = "<group>"; };
		29F7B9482BDA87FD0034F600 /* SignUpView.swift */ = {isa = PBXFileReference; lastKnownFileType = sourcecode.swift; path = SignUpView.swift; sourceTree = "<group>"; };
		29F7B94B2BDA881F0034F600 /* MainTabView.swift */ = {isa = PBXFileReference; lastKnownFileType = sourcecode.swift; path = MainTabView.swift; sourceTree = "<group>"; };
		29F7B94D2BDA882B0034F600 /* SummaryView.swift */ = {isa = PBXFileReference; lastKnownFileType = sourcecode.swift; path = SummaryView.swift; sourceTree = "<group>"; };
		29F7B94F2BDA88320034F600 /* AccountView.swift */ = {isa = PBXFileReference; lastKnownFileType = sourcecode.swift; path = AccountView.swift; sourceTree = "<group>"; };
		29F7B9522BDA891D0034F600 /* OnboardingStore.swift */ = {isa = PBXFileReference; lastKnownFileType = sourcecode.swift; path = OnboardingStore.swift; sourceTree = "<group>"; };
/* End PBXFileReference section */

/* Begin PBXFrameworksBuildPhase section */
		29552FB02BDA647300F8A33C /* Frameworks */ = {
			isa = PBXFrameworksBuildPhase;
			buildActionMask = 2147483647;
			files = (
			);
			runOnlyForDeploymentPostprocessing = 0;
		};
		29552FC02BDA647500F8A33C /* Frameworks */ = {
			isa = PBXFrameworksBuildPhase;
			buildActionMask = 2147483647;
			files = (
			);
			runOnlyForDeploymentPostprocessing = 0;
		};
		29552FCA2BDA647500F8A33C /* Frameworks */ = {
			isa = PBXFrameworksBuildPhase;
			buildActionMask = 2147483647;
			files = (
			);
			runOnlyForDeploymentPostprocessing = 0;
		};
/* End PBXFrameworksBuildPhase section */

/* Begin PBXGroup section */
		29552FAA2BDA647300F8A33C = {
			isa = PBXGroup;
			children = (
				29552FB52BDA647300F8A33C /* Solver */,
				29552FC62BDA647500F8A33C /* SolverTests */,
				29552FD02BDA647500F8A33C /* SolverUITests */,
				29552FB42BDA647300F8A33C /* Products */,
			);
			sourceTree = "<group>";
		};
		29552FB42BDA647300F8A33C /* Products */ = {
			isa = PBXGroup;
			children = (
				29552FB32BDA647300F8A33C /* Solver.app */,
				29552FC32BDA647500F8A33C /* SolverTests.xctest */,
				29552FCD2BDA647500F8A33C /* SolverUITests.xctest */,
			);
			name = Products;
			sourceTree = "<group>";
		};
		29552FB52BDA647300F8A33C /* Solver */ = {
			isa = PBXGroup;
			children = (
				29552FB62BDA647300F8A33C /* SolverApp.swift */,
				29F7B9412BDA869B0034F600 /* Presentation */,
				29552FBA2BDA647500F8A33C /* Assets.xcassets */,
				29F7B91D2BDA74D80034F600 /* Domain */,
				29F7B90F2BDA68A60034F600 /* Data */,
				29552FBC2BDA647500F8A33C /* Preview Content */,
			);
			path = Solver;
			sourceTree = "<group>";
		};
		29552FBC2BDA647500F8A33C /* Preview Content */ = {
			isa = PBXGroup;
			children = (
				29552FBD2BDA647500F8A33C /* Preview Assets.xcassets */,
			);
			path = "Preview Content";
			sourceTree = "<group>";
		};
		29552FC62BDA647500F8A33C /* SolverTests */ = {
			isa = PBXGroup;
			children = (
				29552FC72BDA647500F8A33C /* SolverTests.swift */,
			);
			path = SolverTests;
			sourceTree = "<group>";
		};
		29552FD02BDA647500F8A33C /* SolverUITests */ = {
			isa = PBXGroup;
			children = (
				29552FD12BDA647500F8A33C /* SolverUITests.swift */,
				29552FD32BDA647500F8A33C /* SolverUITestsLaunchTests.swift */,
			);
			path = SolverUITests;
			sourceTree = "<group>";
		};
		29F7B90F2BDA68A60034F600 /* Data */ = {
			isa = PBXGroup;
			children = (
				29F7B9372BDA810A0034F600 /* Repository */,
				29F7B92B2BDA7B900034F600 /* Network */,
				29F7B9102BDA6A940034F600 /* DTO */,
			);
			path = Data;
			sourceTree = "<group>";
		};
		29F7B9102BDA6A940034F600 /* DTO */ = {
			isa = PBXGroup;
			children = (
				29F7B91B2BDA74190034F600 /* DTO.swift */,
				29F7B9192BDA72A40034F600 /* SiteDTO.swift */,
				29F7B9152BDA6EFA0034F600 /* UserDTO.swift */,
				29F7B9172BDA70530034F600 /* BadgeDTO.swift */,
				29F7B9112BDA6C7A0034F600 /* ProblemDTO.swift */,
				29F7B9132BDA6D570034F600 /* Top100DTO.swift */,
			);
			path = DTO;
			sourceTree = "<group>";
		};
		29F7B91D2BDA74D80034F600 /* Domain */ = {
			isa = PBXGroup;
			children = (
				29F7B93C2BDA81B00034F600 /* UseCase */,
				29F7B91E2BDA74E60034F600 /* Entity */,
			);
			path = Domain;
			sourceTree = "<group>";
		};
		29F7B91E2BDA74E60034F600 /* Entity */ = {
			isa = PBXGroup;
			children = (
				29F7B91F2BDA74FC0034F600 /* SiteEntity.swift */,
				29F7B9212BDA75250034F600 /* UserEntity.swift */,
				29F7B9232BDA75B30034F600 /* ProfileEntity.swift */,
				29F7B9252BDA75CB0034F600 /* BadgeEntity.swift */,
				29F7B9272BDA75E20034F600 /* ProblemEntity.swift */,
				29F7B9292BDA761D0034F600 /* Top100Entity.swift */,
			);
			path = Entity;
			sourceTree = "<group>";
		};
		29F7B92B2BDA7B900034F600 /* Network */ = {
			isa = PBXGroup;
			children = (
				29F7B92E2BDA7C370034F600 /* APIEndpoint.swift */,
				29F7B9342BDA7C880034F600 /* APIClient.swift */,
				29F7B9302BDA7C5D0034F600 /* NetworkError.swift */,
				29F7B9322BDA7C6D0034F600 /* ImageDataLoader.swift */,
			);
			path = Network;
			sourceTree = "<group>";
		};
		29F7B9372BDA810A0034F600 /* Repository */ = {
			isa = PBXGroup;
			children = (
				29F7B9382BDA811A0034F600 /* CheckRepository.swift */,
				29F7B93A2BDA81330034F600 /* FetchRepository.swift */,
			);
			path = Repository;
			sourceTree = "<group>";
		};
		29F7B93C2BDA81B00034F600 /* UseCase */ = {
			isa = PBXGroup;
			children = (
				29F7B93D2BDA81E70034F600 /* CheckUseCase.swift */,
				29F7B93F2BDA81F70034F600 /* FetchUseCase.swift */,
			);
			path = UseCase;
			sourceTree = "<group>";
		};
		29F7B9412BDA869B0034F600 /* Presentation */ = {
			isa = PBXGroup;
			children = (
				29F7B9422BDA870B0034F600 /* View */,
			);
			path = Presentation;
			sourceTree = "<group>";
		};
		29F7B9422BDA870B0034F600 /* View */ = {
			isa = PBXGroup;
			children = (
				29552FB82BDA647300F8A33C /* ContentView.swift */,
				29F7B9432BDA87A20034F600 /* Onboarding */,
				29F7B94A2BDA88090034F600 /* MainTab */,
				29F7B9512BDA890F0034F600 /* Store */,
			);
			path = View;
			sourceTree = "<group>";
		};
		29F7B9432BDA87A20034F600 /* Onboarding */ = {
			isa = PBXGroup;
			children = (
				29F7B9442BDA87AF0034F600 /* OnboardingView.swift */,
				29F7B9462BDA87C00034F600 /* GreetingView.swift */,
				29F7B9482BDA87FD0034F600 /* SignUpView.swift */,
			);
			path = Onboarding;
			sourceTree = "<group>";
		};
		29F7B94A2BDA88090034F600 /* MainTab */ = {
			isa = PBXGroup;
			children = (
				29F7B94B2BDA881F0034F600 /* MainTabView.swift */,
				29F7B94D2BDA882B0034F600 /* SummaryView.swift */,
				29F7B94F2BDA88320034F600 /* AccountView.swift */,
			);
			path = MainTab;
			sourceTree = "<group>";
		};
		29F7B9512BDA890F0034F600 /* Store */ = {
			isa = PBXGroup;
			children = (
				29F7B9522BDA891D0034F600 /* OnboardingStore.swift */,
			);
			path = Store;
			sourceTree = "<group>";
		};
/* End PBXGroup section */

/* Begin PBXNativeTarget section */
		29552FB22BDA647300F8A33C /* Solver */ = {
			isa = PBXNativeTarget;
			buildConfigurationList = 29552FD72BDA647500F8A33C /* Build configuration list for PBXNativeTarget "Solver" */;
			buildPhases = (
				29552FAF2BDA647300F8A33C /* Sources */,
				29552FB02BDA647300F8A33C /* Frameworks */,
				29552FB12BDA647300F8A33C /* Resources */,
			);
			buildRules = (
			);
			dependencies = (
			);
			name = Solver;
			productName = Solver;
			productReference = 29552FB32BDA647300F8A33C /* Solver.app */;
			productType = "com.apple.product-type.application";
		};
		29552FC22BDA647500F8A33C /* SolverTests */ = {
			isa = PBXNativeTarget;
			buildConfigurationList = 29552FDA2BDA647500F8A33C /* Build configuration list for PBXNativeTarget "SolverTests" */;
			buildPhases = (
				29552FBF2BDA647500F8A33C /* Sources */,
				29552FC02BDA647500F8A33C /* Frameworks */,
				29552FC12BDA647500F8A33C /* Resources */,
			);
			buildRules = (
			);
			dependencies = (
				29552FC52BDA647500F8A33C /* PBXTargetDependency */,
			);
			name = SolverTests;
			productName = SolverTests;
			productReference = 29552FC32BDA647500F8A33C /* SolverTests.xctest */;
			productType = "com.apple.product-type.bundle.unit-test";
		};
		29552FCC2BDA647500F8A33C /* SolverUITests */ = {
			isa = PBXNativeTarget;
			buildConfigurationList = 29552FDD2BDA647500F8A33C /* Build configuration list for PBXNativeTarget "SolverUITests" */;
			buildPhases = (
				29552FC92BDA647500F8A33C /* Sources */,
				29552FCA2BDA647500F8A33C /* Frameworks */,
				29552FCB2BDA647500F8A33C /* Resources */,
			);
			buildRules = (
			);
			dependencies = (
				29552FCF2BDA647500F8A33C /* PBXTargetDependency */,
			);
			name = SolverUITests;
			productName = SolverUITests;
			productReference = 29552FCD2BDA647500F8A33C /* SolverUITests.xctest */;
			productType = "com.apple.product-type.bundle.ui-testing";
		};
/* End PBXNativeTarget section */

/* Begin PBXProject section */
		29552FAB2BDA647300F8A33C /* Project object */ = {
			isa = PBXProject;
			attributes = {
				BuildIndependentTargetsInParallel = 1;
				LastSwiftUpdateCheck = 1530;
				LastUpgradeCheck = 1530;
				TargetAttributes = {
					29552FB22BDA647300F8A33C = {
						CreatedOnToolsVersion = 15.3;
					};
					29552FC22BDA647500F8A33C = {
						CreatedOnToolsVersion = 15.3;
						TestTargetID = 29552FB22BDA647300F8A33C;
					};
					29552FCC2BDA647500F8A33C = {
						CreatedOnToolsVersion = 15.3;
						TestTargetID = 29552FB22BDA647300F8A33C;
					};
				};
			};
			buildConfigurationList = 29552FAE2BDA647300F8A33C /* Build configuration list for PBXProject "Solver" */;
			compatibilityVersion = "Xcode 14.0";
			developmentRegion = ko;
			hasScannedForEncodings = 0;
			knownRegions = (
				en,
				Base,
				ko,
			);
			mainGroup = 29552FAA2BDA647300F8A33C;
			productRefGroup = 29552FB42BDA647300F8A33C /* Products */;
			projectDirPath = "";
			projectRoot = "";
			targets = (
				29552FB22BDA647300F8A33C /* Solver */,
				29552FC22BDA647500F8A33C /* SolverTests */,
				29552FCC2BDA647500F8A33C /* SolverUITests */,
			);
		};
/* End PBXProject section */

/* Begin PBXResourcesBuildPhase section */
		29552FB12BDA647300F8A33C /* Resources */ = {
			isa = PBXResourcesBuildPhase;
			buildActionMask = 2147483647;
			files = (
				29552FBE2BDA647500F8A33C /* Preview Assets.xcassets in Resources */,
				29552FBB2BDA647500F8A33C /* Assets.xcassets in Resources */,
			);
			runOnlyForDeploymentPostprocessing = 0;
		};
		29552FC12BDA647500F8A33C /* Resources */ = {
			isa = PBXResourcesBuildPhase;
			buildActionMask = 2147483647;
			files = (
			);
			runOnlyForDeploymentPostprocessing = 0;
		};
		29552FCB2BDA647500F8A33C /* Resources */ = {
			isa = PBXResourcesBuildPhase;
			buildActionMask = 2147483647;
			files = (
			);
			runOnlyForDeploymentPostprocessing = 0;
		};
/* End PBXResourcesBuildPhase section */

/* Begin PBXSourcesBuildPhase section */
		29552FAF2BDA647300F8A33C /* Sources */ = {
			isa = PBXSourcesBuildPhase;
			buildActionMask = 2147483647;
			files = (
				29F7B9332BDA7C6D0034F600 /* ImageDataLoader.swift in Sources */,
				29F7B9312BDA7C5D0034F600 /* NetworkError.swift in Sources */,
				29552FB92BDA647300F8A33C /* ContentView.swift in Sources */,
				29F7B9182BDA70530034F600 /* BadgeDTO.swift in Sources */,
				29F7B9502BDA88320034F600 /* AccountView.swift in Sources */,
				29F7B9402BDA81F70034F600 /* FetchUseCase.swift in Sources */,
				29F7B9392BDA811A0034F600 /* CheckRepository.swift in Sources */,
				29F7B9142BDA6D570034F600 /* Top100DTO.swift in Sources */,
				29F7B94C2BDA881F0034F600 /* MainTabView.swift in Sources */,
				29F7B9222BDA75250034F600 /* UserEntity.swift in Sources */,
				29F7B9352BDA7C880034F600 /* APIClient.swift in Sources */,
				29F7B9262BDA75CB0034F600 /* BadgeEntity.swift in Sources */,
				29F7B91C2BDA74190034F600 /* DTO.swift in Sources */,
				29F7B93B2BDA81330034F600 /* FetchRepository.swift in Sources */,
				29F7B92F2BDA7C370034F600 /* APIEndpoint.swift in Sources */,
				29F7B9472BDA87C00034F600 /* GreetingView.swift in Sources */,
				29F7B9202BDA74FC0034F600 /* SiteEntity.swift in Sources */,
				29F7B91A2BDA72A50034F600 /* SiteDTO.swift in Sources */,
				29F7B94E2BDA882B0034F600 /* SummaryView.swift in Sources */,
				29F7B9492BDA87FD0034F600 /* SignUpView.swift in Sources */,
				29F7B92A2BDA761D0034F600 /* Top100Entity.swift in Sources */,
				29F7B9122BDA6C7A0034F600 /* ProblemDTO.swift in Sources */,
				29F7B9162BDA6EFA0034F600 /* UserDTO.swift in Sources */,
				29F7B9282BDA75E20034F600 /* ProblemEntity.swift in Sources */,
				29F7B9242BDA75B30034F600 /* ProfileEntity.swift in Sources */,
				29F7B9532BDA891D0034F600 /* OnboardingStore.swift in Sources */,
				29552FB72BDA647300F8A33C /* SolverApp.swift in Sources */,
				29F7B9452BDA87AF0034F600 /* OnboardingView.swift in Sources */,
				29F7B93E2BDA81E70034F600 /* CheckUseCase.swift in Sources */,
			);
			runOnlyForDeploymentPostprocessing = 0;
		};
		29552FBF2BDA647500F8A33C /* Sources */ = {
			isa = PBXSourcesBuildPhase;
			buildActionMask = 2147483647;
			files = (
				29552FC82BDA647500F8A33C /* SolverTests.swift in Sources */,
			);
			runOnlyForDeploymentPostprocessing = 0;
		};
		29552FC92BDA647500F8A33C /* Sources */ = {
			isa = PBXSourcesBuildPhase;
			buildActionMask = 2147483647;
			files = (
				29552FD22BDA647500F8A33C /* SolverUITests.swift in Sources */,
				29552FD42BDA647500F8A33C /* SolverUITestsLaunchTests.swift in Sources */,
			);
			runOnlyForDeploymentPostprocessing = 0;
		};
/* End PBXSourcesBuildPhase section */

/* Begin PBXTargetDependency section */
		29552FC52BDA647500F8A33C /* PBXTargetDependency */ = {
			isa = PBXTargetDependency;
			target = 29552FB22BDA647300F8A33C /* Solver */;
			targetProxy = 29552FC42BDA647500F8A33C /* PBXContainerItemProxy */;
		};
		29552FCF2BDA647500F8A33C /* PBXTargetDependency */ = {
			isa = PBXTargetDependency;
			target = 29552FB22BDA647300F8A33C /* Solver */;
			targetProxy = 29552FCE2BDA647500F8A33C /* PBXContainerItemProxy */;
		};
/* End PBXTargetDependency section */

/* Begin XCBuildConfiguration section */
		29552FD52BDA647500F8A33C /* Debug */ = {
			isa = XCBuildConfiguration;
			buildSettings = {
				ALWAYS_SEARCH_USER_PATHS = NO;
				ASSETCATALOG_COMPILER_GENERATE_SWIFT_ASSET_SYMBOL_EXTENSIONS = YES;
				CLANG_ANALYZER_NONNULL = YES;
				CLANG_ANALYZER_NUMBER_OBJECT_CONVERSION = YES_AGGRESSIVE;
				CLANG_CXX_LANGUAGE_STANDARD = "gnu++20";
				CLANG_ENABLE_MODULES = YES;
				CLANG_ENABLE_OBJC_ARC = YES;
				CLANG_ENABLE_OBJC_WEAK = YES;
				CLANG_WARN_BLOCK_CAPTURE_AUTORELEASING = YES;
				CLANG_WARN_BOOL_CONVERSION = YES;
				CLANG_WARN_COMMA = YES;
				CLANG_WARN_CONSTANT_CONVERSION = YES;
				CLANG_WARN_DEPRECATED_OBJC_IMPLEMENTATIONS = YES;
				CLANG_WARN_DIRECT_OBJC_ISA_USAGE = YES_ERROR;
				CLANG_WARN_DOCUMENTATION_COMMENTS = YES;
				CLANG_WARN_EMPTY_BODY = YES;
				CLANG_WARN_ENUM_CONVERSION = YES;
				CLANG_WARN_INFINITE_RECURSION = YES;
				CLANG_WARN_INT_CONVERSION = YES;
				CLANG_WARN_NON_LITERAL_NULL_CONVERSION = YES;
				CLANG_WARN_OBJC_IMPLICIT_RETAIN_SELF = YES;
				CLANG_WARN_OBJC_LITERAL_CONVERSION = YES;
				CLANG_WARN_OBJC_ROOT_CLASS = YES_ERROR;
				CLANG_WARN_QUOTED_INCLUDE_IN_FRAMEWORK_HEADER = YES;
				CLANG_WARN_RANGE_LOOP_ANALYSIS = YES;
				CLANG_WARN_STRICT_PROTOTYPES = YES;
				CLANG_WARN_SUSPICIOUS_MOVE = YES;
				CLANG_WARN_UNGUARDED_AVAILABILITY = YES_AGGRESSIVE;
				CLANG_WARN_UNREACHABLE_CODE = YES;
				CLANG_WARN__DUPLICATE_METHOD_MATCH = YES;
				COPY_PHASE_STRIP = NO;
				DEBUG_INFORMATION_FORMAT = dwarf;
				ENABLE_STRICT_OBJC_MSGSEND = YES;
				ENABLE_TESTABILITY = YES;
				ENABLE_USER_SCRIPT_SANDBOXING = YES;
				GCC_C_LANGUAGE_STANDARD = gnu17;
				GCC_DYNAMIC_NO_PIC = NO;
				GCC_NO_COMMON_BLOCKS = YES;
				GCC_OPTIMIZATION_LEVEL = 0;
				GCC_PREPROCESSOR_DEFINITIONS = (
					"DEBUG=1",
					"$(inherited)",
				);
				GCC_WARN_64_TO_32_BIT_CONVERSION = YES;
				GCC_WARN_ABOUT_RETURN_TYPE = YES_ERROR;
				GCC_WARN_UNDECLARED_SELECTOR = YES;
				GCC_WARN_UNINITIALIZED_AUTOS = YES_AGGRESSIVE;
				GCC_WARN_UNUSED_FUNCTION = YES;
				GCC_WARN_UNUSED_VARIABLE = YES;
				IPHONEOS_DEPLOYMENT_TARGET = 17.4;
				LOCALIZATION_PREFERS_STRING_CATALOGS = YES;
				MTL_ENABLE_DEBUG_INFO = INCLUDE_SOURCE;
				MTL_FAST_MATH = YES;
				ONLY_ACTIVE_ARCH = YES;
				SDKROOT = iphoneos;
				SWIFT_ACTIVE_COMPILATION_CONDITIONS = "DEBUG $(inherited)";
				SWIFT_OPTIMIZATION_LEVEL = "-Onone";
			};
			name = Debug;
		};
		29552FD62BDA647500F8A33C /* Release */ = {
			isa = XCBuildConfiguration;
			buildSettings = {
				ALWAYS_SEARCH_USER_PATHS = NO;
				ASSETCATALOG_COMPILER_GENERATE_SWIFT_ASSET_SYMBOL_EXTENSIONS = YES;
				CLANG_ANALYZER_NONNULL = YES;
				CLANG_ANALYZER_NUMBER_OBJECT_CONVERSION = YES_AGGRESSIVE;
				CLANG_CXX_LANGUAGE_STANDARD = "gnu++20";
				CLANG_ENABLE_MODULES = YES;
				CLANG_ENABLE_OBJC_ARC = YES;
				CLANG_ENABLE_OBJC_WEAK = YES;
				CLANG_WARN_BLOCK_CAPTURE_AUTORELEASING = YES;
				CLANG_WARN_BOOL_CONVERSION = YES;
				CLANG_WARN_COMMA = YES;
				CLANG_WARN_CONSTANT_CONVERSION = YES;
				CLANG_WARN_DEPRECATED_OBJC_IMPLEMENTATIONS = YES;
				CLANG_WARN_DIRECT_OBJC_ISA_USAGE = YES_ERROR;
				CLANG_WARN_DOCUMENTATION_COMMENTS = YES;
				CLANG_WARN_EMPTY_BODY = YES;
				CLANG_WARN_ENUM_CONVERSION = YES;
				CLANG_WARN_INFINITE_RECURSION = YES;
				CLANG_WARN_INT_CONVERSION = YES;
				CLANG_WARN_NON_LITERAL_NULL_CONVERSION = YES;
				CLANG_WARN_OBJC_IMPLICIT_RETAIN_SELF = YES;
				CLANG_WARN_OBJC_LITERAL_CONVERSION = YES;
				CLANG_WARN_OBJC_ROOT_CLASS = YES_ERROR;
				CLANG_WARN_QUOTED_INCLUDE_IN_FRAMEWORK_HEADER = YES;
				CLANG_WARN_RANGE_LOOP_ANALYSIS = YES;
				CLANG_WARN_STRICT_PROTOTYPES = YES;
				CLANG_WARN_SUSPICIOUS_MOVE = YES;
				CLANG_WARN_UNGUARDED_AVAILABILITY = YES_AGGRESSIVE;
				CLANG_WARN_UNREACHABLE_CODE = YES;
				CLANG_WARN__DUPLICATE_METHOD_MATCH = YES;
				COPY_PHASE_STRIP = NO;
				DEBUG_INFORMATION_FORMAT = "dwarf-with-dsym";
				ENABLE_NS_ASSERTIONS = NO;
				ENABLE_STRICT_OBJC_MSGSEND = YES;
				ENABLE_USER_SCRIPT_SANDBOXING = YES;
				GCC_C_LANGUAGE_STANDARD = gnu17;
				GCC_NO_COMMON_BLOCKS = YES;
				GCC_WARN_64_TO_32_BIT_CONVERSION = YES;
				GCC_WARN_ABOUT_RETURN_TYPE = YES_ERROR;
				GCC_WARN_UNDECLARED_SELECTOR = YES;
				GCC_WARN_UNINITIALIZED_AUTOS = YES_AGGRESSIVE;
				GCC_WARN_UNUSED_FUNCTION = YES;
				GCC_WARN_UNUSED_VARIABLE = YES;
				IPHONEOS_DEPLOYMENT_TARGET = 17.4;
				LOCALIZATION_PREFERS_STRING_CATALOGS = YES;
				MTL_ENABLE_DEBUG_INFO = NO;
				MTL_FAST_MATH = YES;
				SDKROOT = iphoneos;
				SWIFT_COMPILATION_MODE = wholemodule;
				VALIDATE_PRODUCT = YES;
			};
			name = Release;
		};
		29552FD82BDA647500F8A33C /* Debug */ = {
			isa = XCBuildConfiguration;
			buildSettings = {
				ASSETCATALOG_COMPILER_APPICON_NAME = AppIcon;
				ASSETCATALOG_COMPILER_GLOBAL_ACCENT_COLOR_NAME = AccentColor;
				CODE_SIGN_STYLE = Automatic;
				CURRENT_PROJECT_VERSION = 1;
				DEVELOPMENT_ASSET_PATHS = "\"Solver/Preview Content\"";
				DEVELOPMENT_TEAM = 77745NX67K;
				ENABLE_PREVIEWS = YES;
				GENERATE_INFOPLIST_FILE = YES;
				INFOPLIST_KEY_UIApplicationSceneManifest_Generation = YES;
				INFOPLIST_KEY_UIApplicationSupportsIndirectInputEvents = YES;
				INFOPLIST_KEY_UILaunchScreen_Generation = YES;
				INFOPLIST_KEY_UISupportedInterfaceOrientations_iPad = "UIInterfaceOrientationPortrait UIInterfaceOrientationPortraitUpsideDown UIInterfaceOrientationLandscapeLeft UIInterfaceOrientationLandscapeRight";
				INFOPLIST_KEY_UISupportedInterfaceOrientations_iPhone = "UIInterfaceOrientationPortrait UIInterfaceOrientationLandscapeLeft UIInterfaceOrientationLandscapeRight";
				LD_RUNPATH_SEARCH_PATHS = (
					"$(inherited)",
					"@executable_path/Frameworks",
				);
				MARKETING_VERSION = 1.0;
				PRODUCT_BUNDLE_IDENTIFIER = com.Solver;
				PRODUCT_NAME = "$(TARGET_NAME)";
				SWIFT_EMIT_LOC_STRINGS = YES;
				SWIFT_VERSION = 5.0;
				TARGETED_DEVICE_FAMILY = "1,2";
			};
			name = Debug;
		};
		29552FD92BDA647500F8A33C /* Release */ = {
			isa = XCBuildConfiguration;
			buildSettings = {
				ASSETCATALOG_COMPILER_APPICON_NAME = AppIcon;
				ASSETCATALOG_COMPILER_GLOBAL_ACCENT_COLOR_NAME = AccentColor;
				CODE_SIGN_STYLE = Automatic;
				CURRENT_PROJECT_VERSION = 1;
				DEVELOPMENT_ASSET_PATHS = "\"Solver/Preview Content\"";
				DEVELOPMENT_TEAM = 77745NX67K;
				ENABLE_PREVIEWS = YES;
				GENERATE_INFOPLIST_FILE = YES;
				INFOPLIST_KEY_UIApplicationSceneManifest_Generation = YES;
				INFOPLIST_KEY_UIApplicationSupportsIndirectInputEvents = YES;
				INFOPLIST_KEY_UILaunchScreen_Generation = YES;
				INFOPLIST_KEY_UISupportedInterfaceOrientations_iPad = "UIInterfaceOrientationPortrait UIInterfaceOrientationPortraitUpsideDown UIInterfaceOrientationLandscapeLeft UIInterfaceOrientationLandscapeRight";
				INFOPLIST_KEY_UISupportedInterfaceOrientations_iPhone = "UIInterfaceOrientationPortrait UIInterfaceOrientationLandscapeLeft UIInterfaceOrientationLandscapeRight";
				LD_RUNPATH_SEARCH_PATHS = (
					"$(inherited)",
					"@executable_path/Frameworks",
				);
				MARKETING_VERSION = 1.0;
				PRODUCT_BUNDLE_IDENTIFIER = com.Solver;
				PRODUCT_NAME = "$(TARGET_NAME)";
				SWIFT_EMIT_LOC_STRINGS = YES;
				SWIFT_VERSION = 5.0;
				TARGETED_DEVICE_FAMILY = "1,2";
			};
			name = Release;
		};
		29552FDB2BDA647500F8A33C /* Debug */ = {
			isa = XCBuildConfiguration;
			buildSettings = {
				ALWAYS_EMBED_SWIFT_STANDARD_LIBRARIES = YES;
				BUNDLE_LOADER = "$(TEST_HOST)";
				CODE_SIGN_STYLE = Automatic;
				CURRENT_PROJECT_VERSION = 1;
				DEVELOPMENT_TEAM = 77745NX67K;
				GENERATE_INFOPLIST_FILE = YES;
				IPHONEOS_DEPLOYMENT_TARGET = 17.4;
				MARKETING_VERSION = 1.0;
				PRODUCT_BUNDLE_IDENTIFIER = com.SolverTests;
				PRODUCT_NAME = "$(TARGET_NAME)";
				SWIFT_EMIT_LOC_STRINGS = NO;
				SWIFT_VERSION = 5.0;
				TARGETED_DEVICE_FAMILY = "1,2";
				TEST_HOST = "$(BUILT_PRODUCTS_DIR)/Solver.app/$(BUNDLE_EXECUTABLE_FOLDER_PATH)/Solver";
			};
			name = Debug;
		};
		29552FDC2BDA647500F8A33C /* Release */ = {
			isa = XCBuildConfiguration;
			buildSettings = {
				ALWAYS_EMBED_SWIFT_STANDARD_LIBRARIES = YES;
				BUNDLE_LOADER = "$(TEST_HOST)";
				CODE_SIGN_STYLE = Automatic;
				CURRENT_PROJECT_VERSION = 1;
				DEVELOPMENT_TEAM = 77745NX67K;
				GENERATE_INFOPLIST_FILE = YES;
				IPHONEOS_DEPLOYMENT_TARGET = 17.4;
				MARKETING_VERSION = 1.0;
				PRODUCT_BUNDLE_IDENTIFIER = com.SolverTests;
				PRODUCT_NAME = "$(TARGET_NAME)";
				SWIFT_EMIT_LOC_STRINGS = NO;
				SWIFT_VERSION = 5.0;
				TARGETED_DEVICE_FAMILY = "1,2";
				TEST_HOST = "$(BUILT_PRODUCTS_DIR)/Solver.app/$(BUNDLE_EXECUTABLE_FOLDER_PATH)/Solver";
			};
			name = Release;
		};
		29552FDE2BDA647500F8A33C /* Debug */ = {
			isa = XCBuildConfiguration;
			buildSettings = {
				ALWAYS_EMBED_SWIFT_STANDARD_LIBRARIES = YES;
				CODE_SIGN_STYLE = Automatic;
				CURRENT_PROJECT_VERSION = 1;
				DEVELOPMENT_TEAM = 77745NX67K;
				GENERATE_INFOPLIST_FILE = YES;
				MARKETING_VERSION = 1.0;
				PRODUCT_BUNDLE_IDENTIFIER = com.SolverUITests;
				PRODUCT_NAME = "$(TARGET_NAME)";
				SWIFT_EMIT_LOC_STRINGS = NO;
				SWIFT_VERSION = 5.0;
				TARGETED_DEVICE_FAMILY = "1,2";
				TEST_TARGET_NAME = Solver;
			};
			name = Debug;
		};
		29552FDF2BDA647500F8A33C /* Release */ = {
			isa = XCBuildConfiguration;
			buildSettings = {
				ALWAYS_EMBED_SWIFT_STANDARD_LIBRARIES = YES;
				CODE_SIGN_STYLE = Automatic;
				CURRENT_PROJECT_VERSION = 1;
				DEVELOPMENT_TEAM = 77745NX67K;
				GENERATE_INFOPLIST_FILE = YES;
				MARKETING_VERSION = 1.0;
				PRODUCT_BUNDLE_IDENTIFIER = com.SolverUITests;
				PRODUCT_NAME = "$(TARGET_NAME)";
				SWIFT_EMIT_LOC_STRINGS = NO;
				SWIFT_VERSION = 5.0;
				TARGETED_DEVICE_FAMILY = "1,2";
				TEST_TARGET_NAME = Solver;
			};
			name = Release;
		};
/* End XCBuildConfiguration section */

/* Begin XCConfigurationList section */
		29552FAE2BDA647300F8A33C /* Build configuration list for PBXProject "Solver" */ = {
			isa = XCConfigurationList;
			buildConfigurations = (
				29552FD52BDA647500F8A33C /* Debug */,
				29552FD62BDA647500F8A33C /* Release */,
			);
			defaultConfigurationIsVisible = 0;
			defaultConfigurationName = Release;
		};
		29552FD72BDA647500F8A33C /* Build configuration list for PBXNativeTarget "Solver" */ = {
			isa = XCConfigurationList;
			buildConfigurations = (
				29552FD82BDA647500F8A33C /* Debug */,
				29552FD92BDA647500F8A33C /* Release */,
			);
			defaultConfigurationIsVisible = 0;
			defaultConfigurationName = Release;
		};
		29552FDA2BDA647500F8A33C /* Build configuration list for PBXNativeTarget "SolverTests" */ = {
			isa = XCConfigurationList;
			buildConfigurations = (
				29552FDB2BDA647500F8A33C /* Debug */,
				29552FDC2BDA647500F8A33C /* Release */,
			);
			defaultConfigurationIsVisible = 0;
			defaultConfigurationName = Release;
		};
		29552FDD2BDA647500F8A33C /* Build configuration list for PBXNativeTarget "SolverUITests" */ = {
			isa = XCConfigurationList;
			buildConfigurations = (
				29552FDE2BDA647500F8A33C /* Debug */,
				29552FDF2BDA647500F8A33C /* Release */,
			);
			defaultConfigurationIsVisible = 0;
			defaultConfigurationName = Release;
		};
/* End XCConfigurationList section */
	};
	rootObject = 29552FAB2BDA647300F8A33C /* Project object */;
}
